{
  "name": "temlpate-react-redux",
  "version": "0.1.0",
  "lockfileVersion": 1,
  "requires": true,
  "dependencies": {
    "@material-ui/core": {
      "version": "4.3.2",
      "resolved": "https://registry.npmjs.org/@material-ui/core/-/core-4.3.2.tgz",
      "integrity": "sha512-TLKEUw3/R/pOInnJkx0x78zqMos34SPL3HfuRRZMxInRQ6AKUlyglOFyvSwFITknTmc8AGRFknGpZt05g2XFTg==",
      "dependencies": {
        "is-plain-object": {
          "version": "3.0.0",
          "resolved": "https://registry.npmjs.org/is-plain-object/-/is-plain-object-3.0.0.tgz",
          "integrity": "sha512-tZIpofR+P05k8Aocp7UI/2UTa9lTJSebCXpFFoR9aibpokDj/uXBsJ8luUu0tTVYKkMU6URDUuOfJZ7koewXvg=="
        },
        "isobject": {
          "version": "4.0.0",
          "resolved": "https://registry.npmjs.org/isobject/-/isobject-4.0.0.tgz",
          "integrity": "sha512-S/2fF5wH8SJA/kmwr6HYhK/RI/OkhD84k8ntalo0iJjZikgq1XFvR5M8NPT1x5F7fBwCG3qHfnzeP/Vh/ZxCUA=="
        }
      }
    },
    "material-ui": {
      "version": "1.0.0-beta.47",
      "resolved": "https://registry.npmjs.org/material-ui/-/material-ui-1.0.0-beta.47.tgz",
      "integrity": "sha512-SLyYStYSGrrhBtDQS6j2lpKeP3Nfi4vn+PA24xwuL+qSLJODD1EiQpn7w13Ky7Ni3M3Q1svBmHNnZLIKeOL85w==",
      "dependencies": {
        "@types/react-transition-group": {
          "version": "2.9.2",
          "resolved": "https://registry.npmjs.org/@types/react-transition-group/-/react-transition-group-2.9.2.tgz",
          "integrity": "sha512-5Fv2DQNO+GpdPZcxp2x/OQG/H19A01WlmpjVD9cKvVFmoVLOZ9LvBgSWG6pSXIU4og5fgbvGPaCV5+VGkWAEHA=="
        },
        "deepmerge": {
          "version": "2.2.1",
          "resolved": "https://registry.npmjs.org/deepmerge/-/deepmerge-2.2.1.tgz",
          "integrity": "sha512-R9hc1Xa/NOBi9WRVUWg19rl1UB7Tt4kuPd+thNJgFZoxXsTz7ncaPaeIm+40oSGuP33DfMb4sZt1QIGiJzC4EA=="
        },
        "hoist-non-react-statics": {
          "version": "2.5.5",
          "resolved": "https://registry.npmjs.org/hoist-non-react-statics/-/hoist-non-react-statics-2.5.5.tgz",
          "integrity": "sha512-rqcy4pJo55FTTLWt+bU8ukscqHeE/e9KWvsOW2b/a3afxQZhwkQdT1rPPCJ0rYXdj4vNcasY8zHTH+jF/qStxw=="
        },
        "jss": {
          "version": "9.8.7",
          "resolved": "https://registry.npmjs.org/jss/-/jss-9.8.7.tgz",
          "integrity": "sha512-awj3XRZYxbrmmrx9LUSj5pXSUfm12m8xzi/VKeqI1ZwWBtQ0kVPTs3vYs32t4rFw83CgFDukA8wKzOE9sMQnoQ=="
        },
        "normalize-scroll-left": {
          "version": "0.1.2",
          "resolved": "https://registry.npmjs.org/normalize-scroll-left/-/normalize-scroll-left-0.1.2.tgz",
          "integrity": "sha512-F9YMRls0zCF6BFIE2YnXDRpHPpfd91nOIaNdDgrx5YMoPLo8Wqj+6jNXHQsYBavJeXP4ww8HCt0xQAKc5qk2Fg=="
        },
        "react-transition-group": {
          "version": "2.9.0",
          "resolved": "https://registry.npmjs.org/react-transition-group/-/react-transition-group-2.9.0.tgz",
          "integrity": "sha512-+HzNTCHpeQyl4MJ/bdE0u6XRMe9+XG/+aL4mCxVN4DnPBQ0/5bfHWPDuOZUzYdMj94daZaZdCCc1Dzt9R/xSSg=="
        },
        "warning": {
          "version": "3.0.0",
          "resolved": "https://registry.npmjs.org/warning/-/warning-3.0.0.tgz",
          "integrity": "sha1-MuU3fLVy3kqwR1O9+IIcAe1gW3w="
        }
      }
    },
    "prop-types": {
      "version": "15.7.2",
      "resolved": "https://registry.npmjs.org/prop-types/-/prop-types-15.7.2.tgz",
      "integrity": "sha512-8QQikdH7//R2vurIJSutZ1smHYTcLpRWEOlHnzcWHmBYrOGUysKwSsrC89BCiFj3CbrfJ/nXFdJepOVrY1GCHQ=="
    },
    "react": {
      "version": "16.9.0",
      "resolved": "https://registry.npmjs.org/react/-/react-16.9.0.tgz",
      "integrity": "sha512-+7LQnFBwkiw+BobzOF6N//BdoNw0ouwmSJTEm9cglOOmsg/TMiFHZLe2sEoN5M7LgJTj9oHH0gxklfnQe66S1w=="
    },
    "react-dom": {
      "version": "16.9.0",
      "resolved": "https://registry.npmjs.org/react-dom/-/react-dom-16.9.0.tgz",
      "integrity": "sha512-YFT2rxO9hM70ewk9jq0y6sQk8cL02xm4+IzYBz75CQGlClQQ1Bxq0nhHF6OtSbit+AIahujJgb/CPRibFkMNJQ=="
    },
    "react-redux": {
      "version": "7.1.0",
      "resolved": "https://registry.npmjs.org/react-redux/-/react-redux-7.1.0.tgz",
      "integrity": "sha512-hyu/PoFK3vZgdLTg9ozbt7WF3GgX5+Yn3pZm5/96/o4UueXA+zj08aiSC9Mfj2WtD1bvpIb3C5yvskzZySzzaw=="
    },
    "react-router": {
      "version": "5.0.1",
      "resolved": "https://registry.npmjs.org/react-router/-/react-router-5.0.1.tgz",
      "integrity": "sha512-EM7suCPNKb1NxcTZ2LEOWFtQBQRQXecLxVpdsP4DW4PbbqYWeRiLyV/Tt1SdCrvT2jcyXAXmVTmzvSzrPR63Bg==",
      "dependencies": {
        "isarray": {
          "version": "0.0.1",
          "resolved": "https://registry.npmjs.org/isarray/-/isarray-0.0.1.tgz",
          "integrity": "sha1-ihis/Kmo9Bd+Cav8YDiTmwXR7t8="
        },
        "path-to-regexp": {
          "version": "1.7.0",
          "resolved": "https://registry.npmjs.org/path-to-regexp/-/path-to-regexp-1.7.0.tgz",
          "integrity": "sha1-Wf3g9DW62suhA6hOnTvGTpa5k30="
        }
      }
    },
    "react-router-dom": {
      "version": "5.0.1",
      "resolved": "https://registry.npmjs.org/react-router-dom/-/react-router-dom-5.0.1.tgz",
      "integrity": "sha512-zaVHSy7NN0G91/Bz9GD4owex5+eop+KvgbxXsP/O+iW1/Ln+BrJ8QiIR5a6xNPtrdTvLkxqlDClx13QO1uB8CA=="
    },
    "react-router-redux": {
      "version": "4.0.8",
      "resolved": "https://registry.npmjs.org/react-router-redux/-/react-router-redux-4.0.8.tgz",
      "integrity": "sha1-InQDWWtRUeGCN32rg1tdRfD4BU4="
    },
    "react-scripts": {
      "version": "3.1.1",
      "resolved": "https://registry.npmjs.org/react-scripts/-/react-scripts-3.1.1.tgz",
      "integrity": "sha512-dbjTG9vJC61OI62hIswQYg5xHvwlxDTH6QXz6ICEuA5AqkFQWk1LKl76sk8fVL2WsyumbBc4FErALwKcEV2vNA=="
    },
    "redux": {
      "version": "4.0.4",
      "resolved": "https://registry.npmjs.org/redux/-/redux-4.0.4.tgz",
      "integrity": "sha512-vKv4WdiJxOWKxK0yRoaK3Y4pxxB0ilzVx6dszU2W8wLxlb2yikRph4iV/ymtdJ6ZxpBLFbyrxklnT5yBbQSl3Q=="
    },
    "redux-devtools-extension": {
      "version": "2.13.8",
      "resolved": "https://registry.npmjs.org/redux-devtools-extension/-/redux-devtools-extension-2.13.8.tgz",
      "integrity": "sha512-8qlpooP2QqPtZHQZRhx3x3OP5skEV1py/zUdMY28WNAocbafxdG2tRD1MWE7sp8obGMNYuLWanhhQ7EQvT1FBg==",
      "dev": true
    },
    "redux-i18n": {
      "version": "1.5.18",
      "resolved": "https://registry.npmjs.org/redux-i18n/-/redux-i18n-1.5.18.tgz",
      "integrity": "sha512-o8uLmCbb6WxYcc7A7VRaXr7If+P4s6enEZvLEW7qWv7wBO9lm6lbrwWVb4IlgSzDGlDvEClVtOnT0o55A2iCAw==",
      "dependencies": {
        "hoist-non-react-statics": {
          "version": "2.5.5",
          "resolved": "https://registry.npmjs.org/hoist-non-react-statics/-/hoist-non-react-statics-2.5.5.tgz",
          "integrity": "sha512-rqcy4pJo55FTTLWt+bU8ukscqHeE/e9KWvsOW2b/a3afxQZhwkQdT1rPPCJ0rYXdj4vNcasY8zHTH+jF/qStxw=="
        }
      }
    },
    "redux-persist": {
      "version": "5.10.0",
      "resolved": "https://registry.npmjs.org/redux-persist/-/redux-persist-5.10.0.tgz",
      "integrity": "sha512-sSJAzNq7zka3qVHKce1hbvqf0Vf5DuTVm7dr4GtsqQVOexnrvbV47RWFiPxQ8fscnyiuWyD2O92DOxPl0tGCRg=="
    }
  }
}
